
Microsoft Visual Studio Solution File, Format Version 12.00
# Visual Studio 15
VisualStudioVersion = 15.0.26730.3
MinimumVisualStudioVersion = 10.0.40219.1
Project("{FAE04EC0-301F-11D3-BF4B-00C04F79EFBC}") = "Zoo", "Zoo\Zoo.csproj", "{268EBB29-1716-4FE0-8395-5FFB3ECC8906}"
EndProject
Global
	GlobalSection(SolutionConfigurationPlatforms) = preSolution
		Debug|Any CPU = Debug|Any CPU
		Release|Any CPU = Release|Any CPU
	EndGlobalSection
	GlobalSection(ProjectConfigurationPlatforms) = postSolution
		{268EBB29-1716-4FE0-8395-5FFB3ECC8906}.Debug|Any CPU.ActiveCfg = Debug|Any CPU
		{268EBB29-1716-4FE0-8395-5FFB3ECC8906}.Debug|Any CPU.Build.0 = Debug|Any CPU
		{268EBB29-1716-4FE0-8395-5FFB3ECC8906}.Release|Any CPU.ActiveCfg = Release|Any CPU
		{268EBB29-1716-4FE0-8395-5FFB3ECC8906}.Release|Any CPU.Build.0 = Release|Any CPU
	EndGlobalSection
	GlobalSection(SolutionProperties) = preSolution
		HideSolutionNode = FALSE
	EndGlobalSection
	GlobalSection(ExtensibilityGlobals) = postSolution
		SolutionGuid = {619A2A73-F569-40E8-A6EB-C17C89E70E82}
	EndGlobalSection
EndGlobal
