
Microsoft Visual Studio Solution File, Format Version 12.00
# Visual Studio 15
VisualStudioVersion = 15.0.26730.12
MinimumVisualStudioVersion = 10.0.40219.1
Project("{FAE04EC0-301F-11D3-BF4B-00C04F79EFBC}") = "CompressFiles", "CompressFiles\CompressFiles.csproj", "{FDC91CF0-E0BE-47F2-B3A7-6DEEDC96D187}"
EndProject
Global
	GlobalSection(SolutionConfigurationPlatforms) = preSolution
		Debug|Any CPU = Debug|Any CPU
		Release|Any CPU = Release|Any CPU
	EndGlobalSection
	GlobalSection(ProjectConfigurationPlatforms) = postSolution
		{FDC91CF0-E0BE-47F2-B3A7-6DEEDC96D187}.Debug|Any CPU.ActiveCfg = Debug|Any CPU
		{FDC91CF0-E0BE-47F2-B3A7-6DEEDC96D187}.Debug|Any CPU.Build.0 = Debug|Any CPU
		{FDC91CF0-E0BE-47F2-B3A7-6DEEDC96D187}.Release|Any CPU.ActiveCfg = Release|Any CPU
		{FDC91CF0-E0BE-47F2-B3A7-6DEEDC96D187}.Release|Any CPU.Build.0 = Release|Any CPU
	EndGlobalSection
	GlobalSection(SolutionProperties) = preSolution
		HideSolutionNode = FALSE
	EndGlobalSection
	GlobalSection(ExtensibilityGlobals) = postSolution
		SolutionGuid = {55DCD43A-1FF0-46E1-A54B-12EA59ACA8AB}
	EndGlobalSection
EndGlobal
